# This file was autogenerated by Stack.
# You should not edit this file by hand.
# For more information, please see the documentation at:
#   https://docs.haskellstack.org/en/stable/lock_files

packages:
- completed:
    hackage: bytestring-0.10.8.2@sha256:0a58355cb91bc9930f951a6d14f5fb4a6022647c3aab2b7223e888843bb6a832,8921
    pantry-tree:
      size: 2788
      sha256: 5ebb0fddb2f9cdf4a295bbb610279ba7651547355d882942ad08c62efb00183c
  original:
    hackage: bytestring-0.10.8.2
- completed:
    hackage: Glob-0.10.0@sha256:bbccaf21bff9071dcf369f55cc1a07250bdc84c432bdf4277ed53e5e2327cd7d,2947
    pantry-tree:
      size: 1432
      sha256: 2b14578b5cf51af20efeaf332a1e1ea0c9c24fe2fcb2afba64f77d9249395844
  original:
    hackage: Glob-0.10.0
- completed:
    hackage: attoparsec-0.13.2.3@sha256:38717f481a131e1f50ce8e126f49961e6fe740f55df53e5e45cbbf8c451a9698,5695
    pantry-tree:
      size: 5231
      sha256: 6fd8933535f478eb3a8ae67ccd601bac58f05356c4ce912b89a12a9eba2543aa
  original:
    hackage: attoparsec-0.13.2.3
snapshots:
- completed:
    size: 524130
    url: https://raw.githubusercontent.com/commercialhaskell/stackage-snapshots/master/lts/14/10.yaml
    sha256: 04841e0397d7ce6364f19359fce89aa45ca8684609d665845db80d398002baa9
  original: lts-14.10
